
Microsoft Visual Studio Solution File, Format Version 12.00
# Visual Studio Version 16
VisualStudioVersion = 16.0.31019.35
MinimumVisualStudioVersion = 10.0.40219.1
Project("{FAE04EC0-301F-11D3-BF4B-00C04F79EFBC}") = "Beach Resort", "Beach Resort\Beach Resort.csproj", "{C4DDE3C0-A02C-41EA-80BF-E9DE6D1751AF}"
EndProject
Global
	GlobalSection(SolutionConfigurationPlatforms) = preSolution
		Debug|Any CPU = Debug|Any CPU
		Release|Any CPU = Release|Any CPU
	EndGlobalSection
	GlobalSection(ProjectConfigurationPlatforms) = postSolution
		{C4DDE3C0-A02C-41EA-80BF-E9DE6D1751AF}.Debug|Any CPU.ActiveCfg = Debug|Any CPU
		{C4DDE3C0-A02C-41EA-80BF-E9DE6D1751AF}.Debug|Any CPU.Build.0 = Debug|Any CPU
		{C4DDE3C0-A02C-41EA-80BF-E9DE6D1751AF}.Release|Any CPU.ActiveCfg = Release|Any CPU
		{C4DDE3C0-A02C-41EA-80BF-E9DE6D1751AF}.Release|Any CPU.Build.0 = Release|Any CPU
	EndGlobalSection
	GlobalSection(SolutionProperties) = preSolution
		HideSolutionNode = FALSE
	EndGlobalSection
	GlobalSection(ExtensibilityGlobals) = postSolution
		SolutionGuid = {B5D66B7B-22E1-4784-AD2B-547236B3453B}
	EndGlobalSection
EndGlobal
